
Microsoft Visual Studio Solution File, Format Version 12.00
# Visual Studio Version 17
VisualStudioVersion = 17.4.33205.214
MinimumVisualStudioVersion = 10.0.40219.1
Project("{FAE04EC0-301F-11D3-BF4B-00C04F79EFBC}") = "Ex1", "Ex1\Ex1.csproj", "{3DE8DBB9-B906-460C-8FBF-08F211677A1F}"
EndProject
Global
	GlobalSection(SolutionConfigurationPlatforms) = preSolution
		Debug|Any CPU = Debug|Any CPU
		Release|Any CPU = Release|Any CPU
	EndGlobalSection
	GlobalSection(ProjectConfigurationPlatforms) = postSolution
		{3DE8DBB9-B906-460C-8FBF-08F211677A1F}.Debug|Any CPU.ActiveCfg = Debug|Any CPU
		{3DE8DBB9-B906-460C-8FBF-08F211677A1F}.Debug|Any CPU.Build.0 = Debug|Any CPU
		{3DE8DBB9-B906-460C-8FBF-08F211677A1F}.Release|Any CPU.ActiveCfg = Release|Any CPU
		{3DE8DBB9-B906-460C-8FBF-08F211677A1F}.Release|Any CPU.Build.0 = Release|Any CPU
	EndGlobalSection
	GlobalSection(SolutionProperties) = preSolution
		HideSolutionNode = FALSE
	EndGlobalSection
	GlobalSection(ExtensibilityGlobals) = postSolution
		SolutionGuid = {78CF0894-F91C-44A6-A0EC-A9B3586AE770}
	EndGlobalSection
EndGlobal
